
Microsoft Visual Studio Solution File, Format Version 12.00
# Visual Studio Version 17
VisualStudioVersion = 17.1.32421.90
MinimumVisualStudioVersion = 10.0.40219.1
Project("{9A19103F-16F7-4668-BE54-9A1E7A4F7556}") = "Sps.Pos.Mvc", "Sps.Pos.Mvc\Sps.Pos.Mvc.csproj", "{79B9CCF1-BDB6-4746-A800-51302705782B}"
EndProject
Project("{9A19103F-16F7-4668-BE54-9A1E7A4F7556}") = "Sps.Pos.Api", "Sps.Pos.Api\Sps.Pos.Api.csproj", "{5C2BEFB1-5ED0-4E7A-8C9B-B7C004AFCE9D}"
EndProject
Project("{FAE04EC0-301F-11D3-BF4B-00C04F79EFBC}") = "Sps.Pos.Dto", "Sps.Pos.Dto\Sps.Pos.Dto.csproj", "{D1EF98B3-0910-4864-88FA-786C1A9FE043}"
EndProject
Project("{FAE04EC0-301F-11D3-BF4B-00C04F79EFBC}") = "Sps.Pos.DataEntities", "Sps.Pos.DataEntities\Sps.Pos.DataEntities.csproj", "{63A98701-E882-443A-AD65-5D6956993347}"
EndProject
Project("{2150E333-8FDC-42A3-9474-1A3956D46DE8}") = "Solution Items", "Solution Items", "{A1A44643-E53C-4175-91C7-4A1C8E423470}"
	ProjectSection(SolutionItems) = preProject
		.editorconfig = .editorconfig
	EndProjectSection
EndProject
Project("{FAE04EC0-301F-11D3-BF4B-00C04F79EFBC}") = "Sps.Pos.Infrastructure", "Sps.Pos.Infrastructure\Sps.Pos.Infrastructure.csproj", "{07FFF09B-64C6-405C-8392-C9CB6BB70580}"
EndProject
Global
	GlobalSection(SolutionConfigurationPlatforms) = preSolution
		Debug|Any CPU = Debug|Any CPU
		Release|Any CPU = Release|Any CPU
	EndGlobalSection
	GlobalSection(ProjectConfigurationPlatforms) = postSolution
		{79B9CCF1-BDB6-4746-A800-51302705782B}.Debug|Any CPU.ActiveCfg = Debug|Any CPU
		{79B9CCF1-BDB6-4746-A800-51302705782B}.Debug|Any CPU.Build.0 = Debug|Any CPU
		{79B9CCF1-BDB6-4746-A800-51302705782B}.Release|Any CPU.ActiveCfg = Release|Any CPU
		{79B9CCF1-BDB6-4746-A800-51302705782B}.Release|Any CPU.Build.0 = Release|Any CPU
		{5C2BEFB1-5ED0-4E7A-8C9B-B7C004AFCE9D}.Debug|Any CPU.ActiveCfg = Debug|Any CPU
		{5C2BEFB1-5ED0-4E7A-8C9B-B7C004AFCE9D}.Debug|Any CPU.Build.0 = Debug|Any CPU
		{5C2BEFB1-5ED0-4E7A-8C9B-B7C004AFCE9D}.Release|Any CPU.ActiveCfg = Release|Any CPU
		{5C2BEFB1-5ED0-4E7A-8C9B-B7C004AFCE9D}.Release|Any CPU.Build.0 = Release|Any CPU
		{D1EF98B3-0910-4864-88FA-786C1A9FE043}.Debug|Any CPU.ActiveCfg = Debug|Any CPU
		{D1EF98B3-0910-4864-88FA-786C1A9FE043}.Debug|Any CPU.Build.0 = Debug|Any CPU
		{D1EF98B3-0910-4864-88FA-786C1A9FE043}.Release|Any CPU.ActiveCfg = Release|Any CPU
		{D1EF98B3-0910-4864-88FA-786C1A9FE043}.Release|Any CPU.Build.0 = Release|Any CPU
		{63A98701-E882-443A-AD65-5D6956993347}.Debug|Any CPU.ActiveCfg = Debug|Any CPU
		{63A98701-E882-443A-AD65-5D6956993347}.Debug|Any CPU.Build.0 = Debug|Any CPU
		{63A98701-E882-443A-AD65-5D6956993347}.Release|Any CPU.ActiveCfg = Release|Any CPU
		{63A98701-E882-443A-AD65-5D6956993347}.Release|Any CPU.Build.0 = Release|Any CPU
		{07FFF09B-64C6-405C-8392-C9CB6BB70580}.Debug|Any CPU.ActiveCfg = Debug|Any CPU
		{07FFF09B-64C6-405C-8392-C9CB6BB70580}.Debug|Any CPU.Build.0 = Debug|Any CPU
		{07FFF09B-64C6-405C-8392-C9CB6BB70580}.Release|Any CPU.ActiveCfg = Release|Any CPU
		{07FFF09B-64C6-405C-8392-C9CB6BB70580}.Release|Any CPU.Build.0 = Release|Any CPU
	EndGlobalSection
	GlobalSection(SolutionProperties) = preSolution
		HideSolutionNode = FALSE
	EndGlobalSection
	GlobalSection(ExtensibilityGlobals) = postSolution
		SolutionGuid = {E4A14AEA-297C-49D8-8FA0-2200A9249CFD}
	EndGlobalSection
EndGlobal
